
Microsoft Visual Studio Solution File, Format Version 12.00
# Visual Studio Version 16
VisualStudioVersion = 25.0.1703.0
MinimumVisualStudioVersion = 10.0.40219.1
Project("{FAE04EC0-301F-11D3-BF4B-00C04F79EFBC}") = "LeetCodeSamples", "Console/LeetCodeSamplesConsole.csproj", "{FC8FAE3E-BED9-427C-B724-958446A34C88}"
EndProject
Global
	GlobalSection(SolutionConfigurationPlatforms) = preSolution
		Debug|Any CPU = Debug|Any CPU
		Release|Any CPU = Release|Any CPU
	EndGlobalSection
	GlobalSection(ProjectConfigurationPlatforms) = postSolution
		{FC8FAE3E-BED9-427C-B724-958446A34C88}.Debug|Any CPU.ActiveCfg = Debug|Any CPU
		{FC8FAE3E-BED9-427C-B724-958446A34C88}.Debug|Any CPU.Build.0 = Debug|Any CPU
		{FC8FAE3E-BED9-427C-B724-958446A34C88}.Release|Any CPU.ActiveCfg = Release|Any CPU
		{FC8FAE3E-BED9-427C-B724-958446A34C88}.Release|Any CPU.Build.0 = Release|Any CPU
	EndGlobalSection
	GlobalSection(SolutionProperties) = preSolution
		HideSolutionNode = FALSE
	EndGlobalSection
	GlobalSection(ExtensibilityGlobals) = postSolution
		SolutionGuid = {506135C5-5E2F-49BB-903E-C66A268D7E06}
	EndGlobalSection
EndGlobal
